
Microsoft Visual Studio Solution File, Format Version 12.00
# Visual Studio Version 16
VisualStudioVersion = 16.0.34601.136
MinimumVisualStudioVersion = 10.0.40219.1
Project("{FAE04EC0-301F-11D3-BF4B-00C04F79EFBC}") = "Qno-01", "Qno-01\Qno-01.csproj", "{23A39792-472D-4456-B153-93C790237BE7}"
EndProject
Global
	GlobalSection(SolutionConfigurationPlatforms) = preSolution
		Debug|Any CPU = Debug|Any CPU
		Release|Any CPU = Release|Any CPU
	EndGlobalSection
	GlobalSection(ProjectConfigurationPlatforms) = postSolution
		{23A39792-472D-4456-B153-93C790237BE7}.Debug|Any CPU.ActiveCfg = Debug|Any CPU
		{23A39792-472D-4456-B153-93C790237BE7}.Debug|Any CPU.Build.0 = Debug|Any CPU
		{23A39792-472D-4456-B153-93C790237BE7}.Release|Any CPU.ActiveCfg = Release|Any CPU
		{23A39792-472D-4456-B153-93C790237BE7}.Release|Any CPU.Build.0 = Release|Any CPU
	EndGlobalSection
	GlobalSection(SolutionProperties) = preSolution
		HideSolutionNode = FALSE
	EndGlobalSection
	GlobalSection(ExtensibilityGlobals) = postSolution
		SolutionGuid = {091E5F24-B389-4F37-8FE2-9E204CD0D10C}
	EndGlobalSection
EndGlobal
