
Microsoft Visual Studio Solution File, Format Version 12.00
# Visual Studio Version 16
VisualStudioVersion = 16.0.34601.136
MinimumVisualStudioVersion = 10.0.40219.1
Project("{FAE04EC0-301F-11D3-BF4B-00C04F79EFBC}") = "Assignment-03", "Assignment-03\Assignment-03.csproj", "{D9109C22-FFE5-482C-A005-B40959AA512C}"
EndProject
Global
	GlobalSection(SolutionConfigurationPlatforms) = preSolution
		Debug|Any CPU = Debug|Any CPU
		Release|Any CPU = Release|Any CPU
	EndGlobalSection
	GlobalSection(ProjectConfigurationPlatforms) = postSolution
		{D9109C22-FFE5-482C-A005-B40959AA512C}.Debug|Any CPU.ActiveCfg = Debug|Any CPU
		{D9109C22-FFE5-482C-A005-B40959AA512C}.Debug|Any CPU.Build.0 = Debug|Any CPU
		{D9109C22-FFE5-482C-A005-B40959AA512C}.Release|Any CPU.ActiveCfg = Release|Any CPU
		{D9109C22-FFE5-482C-A005-B40959AA512C}.Release|Any CPU.Build.0 = Release|Any CPU
	EndGlobalSection
	GlobalSection(SolutionProperties) = preSolution
		HideSolutionNode = FALSE
	EndGlobalSection
	GlobalSection(ExtensibilityGlobals) = postSolution
		SolutionGuid = {271B2DF8-475B-4F47-860B-05953FBEBA39}
	EndGlobalSection
EndGlobal
