
Microsoft Visual Studio Solution File, Format Version 12.00
# Visual Studio Version 16
VisualStudioVersion = 16.0.34601.136
MinimumVisualStudioVersion = 10.0.40219.1
Project("{FAE04EC0-301F-11D3-BF4B-00C04F79EFBC}") = "Assignment_05", "Assignment_05\Assignment_05.csproj", "{933BADD4-574F-4966-A6F7-33698561159E}"
EndProject
Global
	GlobalSection(SolutionConfigurationPlatforms) = preSolution
		Debug|Any CPU = Debug|Any CPU
		Release|Any CPU = Release|Any CPU
	EndGlobalSection
	GlobalSection(ProjectConfigurationPlatforms) = postSolution
		{933BADD4-574F-4966-A6F7-33698561159E}.Debug|Any CPU.ActiveCfg = Debug|Any CPU
		{933BADD4-574F-4966-A6F7-33698561159E}.Debug|Any CPU.Build.0 = Debug|Any CPU
		{933BADD4-574F-4966-A6F7-33698561159E}.Release|Any CPU.ActiveCfg = Release|Any CPU
		{933BADD4-574F-4966-A6F7-33698561159E}.Release|Any CPU.Build.0 = Release|Any CPU
	EndGlobalSection
	GlobalSection(SolutionProperties) = preSolution
		HideSolutionNode = FALSE
	EndGlobalSection
	GlobalSection(ExtensibilityGlobals) = postSolution
		SolutionGuid = {2898753F-3C1B-47AC-B3DC-AC85BA526041}
	EndGlobalSection
EndGlobal
