
Microsoft Visual Studio Solution File, Format Version 12.00
# Visual Studio Version 16
VisualStudioVersion = 16.0.34601.136
MinimumVisualStudioVersion = 10.0.40219.1
Project("{FAE04EC0-301F-11D3-BF4B-00C04F79EFBC}") = "Assignment04", "Assignment04\Assignment04.csproj", "{C672468F-5391-48E6-8535-0F97DB1B3679}"
EndProject
Project("{FAE04EC0-301F-11D3-BF4B-00C04F79EFBC}") = "ConcessionLibrary", "ConcessionLibrary\ConcessionLibrary.csproj", "{B068B4BC-672B-4951-8B0E-757220EE3292}"
EndProject
Global
	GlobalSection(SolutionConfigurationPlatforms) = preSolution
		Debug|Any CPU = Debug|Any CPU
		Release|Any CPU = Release|Any CPU
	EndGlobalSection
	GlobalSection(ProjectConfigurationPlatforms) = postSolution
		{C672468F-5391-48E6-8535-0F97DB1B3679}.Debug|Any CPU.ActiveCfg = Debug|Any CPU
		{C672468F-5391-48E6-8535-0F97DB1B3679}.Debug|Any CPU.Build.0 = Debug|Any CPU
		{C672468F-5391-48E6-8535-0F97DB1B3679}.Release|Any CPU.ActiveCfg = Release|Any CPU
		{C672468F-5391-48E6-8535-0F97DB1B3679}.Release|Any CPU.Build.0 = Release|Any CPU
		{B068B4BC-672B-4951-8B0E-757220EE3292}.Debug|Any CPU.ActiveCfg = Debug|Any CPU
		{B068B4BC-672B-4951-8B0E-757220EE3292}.Debug|Any CPU.Build.0 = Debug|Any CPU
		{B068B4BC-672B-4951-8B0E-757220EE3292}.Release|Any CPU.ActiveCfg = Release|Any CPU
		{B068B4BC-672B-4951-8B0E-757220EE3292}.Release|Any CPU.Build.0 = Release|Any CPU
	EndGlobalSection
	GlobalSection(SolutionProperties) = preSolution
		HideSolutionNode = FALSE
	EndGlobalSection
	GlobalSection(ExtensibilityGlobals) = postSolution
		SolutionGuid = {725BA07E-95FE-47C7-AA4A-7A1F3B26630B}
	EndGlobalSection
EndGlobal
