
Microsoft Visual Studio Solution File, Format Version 12.00
# Visual Studio Version 16
VisualStudioVersion = 16.0.34601.136
MinimumVisualStudioVersion = 10.0.40219.1
Project("{FAE04EC0-301F-11D3-BF4B-00C04F79EFBC}") = "Assessment-02", "Assessment-02\Assessment-02.csproj", "{AB1550FE-ECFC-413B-8F22-CE903ED19919}"
EndProject
Global
	GlobalSection(SolutionConfigurationPlatforms) = preSolution
		Debug|Any CPU = Debug|Any CPU
		Release|Any CPU = Release|Any CPU
	EndGlobalSection
	GlobalSection(ProjectConfigurationPlatforms) = postSolution
		{AB1550FE-ECFC-413B-8F22-CE903ED19919}.Debug|Any CPU.ActiveCfg = Debug|Any CPU
		{AB1550FE-ECFC-413B-8F22-CE903ED19919}.Debug|Any CPU.Build.0 = Debug|Any CPU
		{AB1550FE-ECFC-413B-8F22-CE903ED19919}.Release|Any CPU.ActiveCfg = Release|Any CPU
		{AB1550FE-ECFC-413B-8F22-CE903ED19919}.Release|Any CPU.Build.0 = Release|Any CPU
	EndGlobalSection
	GlobalSection(SolutionProperties) = preSolution
		HideSolutionNode = FALSE
	EndGlobalSection
	GlobalSection(ExtensibilityGlobals) = postSolution
		SolutionGuid = {2E851C41-6D88-4BE8-8D31-01CD1D867B38}
	EndGlobalSection
EndGlobal
