
Microsoft Visual Studio Solution File, Format Version 12.00
# Visual Studio Version 16
VisualStudioVersion = 16.0.34601.136
MinimumVisualStudioVersion = 10.0.40219.1
Project("{FAE04EC0-301F-11D3-BF4B-00C04F79EFBC}") = "Assessment_03", "Assessment_03\Assessment_03.csproj", "{C1E24C8C-506A-4202-9963-8053787A6E5E}"
EndProject
Global
	GlobalSection(SolutionConfigurationPlatforms) = preSolution
		Debug|Any CPU = Debug|Any CPU
		Release|Any CPU = Release|Any CPU
	EndGlobalSection
	GlobalSection(ProjectConfigurationPlatforms) = postSolution
		{C1E24C8C-506A-4202-9963-8053787A6E5E}.Debug|Any CPU.ActiveCfg = Debug|Any CPU
		{C1E24C8C-506A-4202-9963-8053787A6E5E}.Debug|Any CPU.Build.0 = Debug|Any CPU
		{C1E24C8C-506A-4202-9963-8053787A6E5E}.Release|Any CPU.ActiveCfg = Release|Any CPU
		{C1E24C8C-506A-4202-9963-8053787A6E5E}.Release|Any CPU.Build.0 = Release|Any CPU
	EndGlobalSection
	GlobalSection(SolutionProperties) = preSolution
		HideSolutionNode = FALSE
	EndGlobalSection
	GlobalSection(ExtensibilityGlobals) = postSolution
		SolutionGuid = {009DE338-E760-4772-9CCE-53F5AA3BEAF4}
	EndGlobalSection
EndGlobal
