
Microsoft Visual Studio Solution File, Format Version 12.00
# Visual Studio Version 16
VisualStudioVersion = 16.0.34601.136
MinimumVisualStudioVersion = 10.0.40219.1
Project("{FAE04EC0-301F-11D3-BF4B-00C04F79EFBC}") = "Assignment_01", "Assignment_01\Assignment_01.csproj", "{F19A845D-DD6B-4F6C-BAD1-7EE3EFBB18E3}"
EndProject
Global
	GlobalSection(SolutionConfigurationPlatforms) = preSolution
		Debug|Any CPU = Debug|Any CPU
		Release|Any CPU = Release|Any CPU
	EndGlobalSection
	GlobalSection(ProjectConfigurationPlatforms) = postSolution
		{F19A845D-DD6B-4F6C-BAD1-7EE3EFBB18E3}.Debug|Any CPU.ActiveCfg = Debug|Any CPU
		{F19A845D-DD6B-4F6C-BAD1-7EE3EFBB18E3}.Debug|Any CPU.Build.0 = Debug|Any CPU
		{F19A845D-DD6B-4F6C-BAD1-7EE3EFBB18E3}.Release|Any CPU.ActiveCfg = Release|Any CPU
		{F19A845D-DD6B-4F6C-BAD1-7EE3EFBB18E3}.Release|Any CPU.Build.0 = Release|Any CPU
	EndGlobalSection
	GlobalSection(SolutionProperties) = preSolution
		HideSolutionNode = FALSE
	EndGlobalSection
	GlobalSection(ExtensibilityGlobals) = postSolution
		SolutionGuid = {B109757A-9821-49FB-9BC5-D9CA6D4ED1CF}
	EndGlobalSection
EndGlobal
