
Microsoft Visual Studio Solution File, Format Version 12.00
# Visual Studio Version 16
VisualStudioVersion = 16.0.34601.136
MinimumVisualStudioVersion = 10.0.40219.1
Project("{FAE04EC0-301F-11D3-BF4B-00C04F79EFBC}") = "Loops", "Loops\Loops.csproj", "{211A196A-69D7-4480-A487-2A55234ED476}"
EndProject
Global
	GlobalSection(SolutionConfigurationPlatforms) = preSolution
		Debug|Any CPU = Debug|Any CPU
		Release|Any CPU = Release|Any CPU
	EndGlobalSection
	GlobalSection(ProjectConfigurationPlatforms) = postSolution
		{211A196A-69D7-4480-A487-2A55234ED476}.Debug|Any CPU.ActiveCfg = Debug|Any CPU
		{211A196A-69D7-4480-A487-2A55234ED476}.Debug|Any CPU.Build.0 = Debug|Any CPU
		{211A196A-69D7-4480-A487-2A55234ED476}.Release|Any CPU.ActiveCfg = Release|Any CPU
		{211A196A-69D7-4480-A487-2A55234ED476}.Release|Any CPU.Build.0 = Release|Any CPU
	EndGlobalSection
	GlobalSection(SolutionProperties) = preSolution
		HideSolutionNode = FALSE
	EndGlobalSection
	GlobalSection(ExtensibilityGlobals) = postSolution
		SolutionGuid = {F7288E69-801A-4B52-A732-4D986042F169}
	EndGlobalSection
EndGlobal
